// !$*UTF8*$!
{
	archiveVersion = 1;
	classes = {
	};
	objectVersion = 46;
	objects = {

/* Begin PBXBuildFile section */
		B0BA16721B2CD79E009CFBD0 /* AppDelegate.swift in Sources */ = {isa = PBXBuildFile; fileRef = B0BA16711B2CD79E009CFBD0 /* AppDelegate.swift */; };
		B0BA16741B2CD79E009CFBD0 /* FirstViewController.swift in Sources */ = {isa = PBXBuildFile; fileRef = B0BA16731B2CD79E009CFBD0 /* FirstViewController.swift */; };
		B0BA16761B2CD79E009CFBD0 /* SecondViewController.swift in Sources */ = {isa = PBXBuildFile; fileRef = B0BA16751B2CD79E009CFBD0 /* SecondViewController.swift */; };
		B0BA16791B2CD79E009CFBD0 /* Main.storyboard in Resources */ = {isa = PBXBuildFile; fileRef = B0BA16771B2CD79E009CFBD0 /* Main.storyboard */; };
		B0BA167B1B2CD79E009CFBD0 /* Images.xcassets in Resources */ = {isa = PBXBuildFile; fileRef = B0BA167A1B2CD79E009CFBD0 /* Images.xcassets */; };
		B0BA167E1B2CD79E009CFBD0 /* LaunchScreen.xib in Resources */ = {isa = PBXBuildFile; fileRef = B0BA167C1B2CD79E009CFBD0 /* LaunchScreen.xib */; };
		B0BA168A1B2CD79F009CFBD0 /* StudentAanHuisTests.swift in Sources */ = {isa = PBXBuildFile; fileRef = B0BA16891B2CD79F009CFBD0 /* StudentAanHuisTests.swift */; };
/* End PBXBuildFile section */

/* Begin PBXContainerItemProxy section */
		B0BA16841B2CD79F009CFBD0 /* PBXContainerItemProxy */ = {
			isa = PBXContainerItemProxy;
			containerPortal = B0BA16641B2CD79E009CFBD0 /* Project object */;
			proxyType = 1;
			remoteGlobalIDString = B0BA166B1B2CD79E009CFBD0;
			remoteInfo = StudentAanHuis;
		};
/* End PBXContainerItemProxy section */

/* Begin PBXFileReference section */
		B0BA166C1B2CD79E009CFBD0 /* StudentAanHuis.app */ = {isa = PBXFileReference; explicitFileType = wrapper.application; includeInIndex = 0; path = StudentAanHuis.app; sourceTree = BUILT_PRODUCTS_DIR; };
		B0BA16701B2CD79E009CFBD0 /* Info.plist */ = {isa = PBXFileReference; lastKnownFileType = text.plist.xml; path = Info.plist; sourceTree = "<group>"; };
		B0BA16711B2CD79E009CFBD0 /* AppDelegate.swift */ = {isa = PBXFileReference; lastKnownFileType = sourcecode.swift; path = AppDelegate.swift; sourceTree = "<group>"; };
		B0BA16731B2CD79E009CFBD0 /* FirstViewController.swift */ = {isa = PBXFileReference; lastKnownFileType = sourcecode.swift; path = FirstViewController.swift; sourceTree = "<group>"; };
		B0BA16751B2CD79E009CFBD0 /* SecondViewController.swift */ = {isa = PBXFileReference; lastKnownFileType = sourcecode.swift; path = SecondViewController.swift; sourceTree = "<group>"; };
		B0BA16781B2CD79E009CFBD0 /* Base */ = {isa = PBXFileReference; lastKnownFileType = file.storyboard; name = Base; path = Base.lproj/Main.storyboard; sourceTree = "<group>"; };
		B0BA167A1B2CD79E009CFBD0 /* Images.xcassets */ = {isa = PBXFileReference; lastKnownFileType = folder.assetcatalog; path = Images.xcassets; sourceTree = "<group>"; };
		B0BA167D1B2CD79E009CFBD0 /* Base */ = {isa = PBXFileReference; lastKnownFileType = file.xib; name = Base; path = Base.lproj/LaunchScreen.xib; sourceTree = "<group>"; };
		B0BA16831B2CD79F009CFBD0 /* StudentAanHuisTests.xctest */ = {isa = PBXFileReference; explicitFileType = wrapper.cfbundle; includeInIndex = 0; path = StudentAanHuisTests.xctest; sourceTree = BUILT_PRODUCTS_DIR; };
		B0BA16881B2CD79F009CFBD0 /* Info.plist */ = {isa = PBXFileReference; lastKnownFileType = text.plist.xml; path = Info.plist; sourceTree = "<group>"; };
		B0BA16891B2CD79F009CFBD0 /* StudentAanHuisTests.swift */ = {isa = PBXFileReference; lastKnownFileType = sourcecode.swift; path = StudentAanHuisTests.swift; sourceTree = "<group>"; };
/* End PBXFileReference section */

/* Begin PBXFrameworksBuildPhase section */
		B0BA16691B2CD79E009CFBD0 /* Frameworks */ = {
			isa = PBXFrameworksBuildPhase;
			buildActionMask = 2147483647;
			files = (
			);
			runOnlyForDeploymentPostprocessing = 0;
		};
		B0BA16801B2CD79F009CFBD0 /* Frameworks */ = {
			isa = PBXFrameworksBuildPhase;
			buildActionMask = 2147483647;
			files = (
			);
			runOnlyForDeploymentPostprocessing = 0;
		};
/* End PBXFrameworksBuildPhase section */

/* Begin PBXGroup section */
		B0BA16631B2CD79E009CFBD0 = {
			isa = PBXGroup;
			children = (
				B0BA166E1B2CD79E009CFBD0 /* StudentAanHuis */,
				B0BA16861B2CD79F009CFBD0 /* StudentAanHuisTests */,
				B0BA166D1B2CD79E009CFBD0 /* Products */,
			);
			sourceTree = "<group>";
		};
		B0BA166D1B2CD79E009CFBD0 /* Products */ = {
			isa = PBXGroup;
			children = (
				B0BA166C1B2CD79E009CFBD0 /* StudentAanHuis.app */,
				B0BA16831B2CD79F009CFBD0 /* StudentAanHuisTests.xctest */,
			);
			name = Products;
			sourceTree = "<group>";
		};
		B0BA166E1B2CD79E009CFBD0 /* StudentAanHuis */ = {
			isa = PBXGroup;
			children = (
				B0BA16711B2CD79E009CFBD0 /* AppDelegate.swift */,
				B0BA16731B2CD79E009CFBD0 /* FirstViewController.swift */,
				B0BA16751B2CD79E009CFBD0 /* SecondViewController.swift */,
				B0BA16771B2CD79E009CFBD0 /* Main.storyboard */,
				B0BA167A1B2CD79E009CFBD0 /* Images.xcassets */,
				B0BA167C1B2CD79E009CFBD0 /* LaunchScreen.xib */,
				B0BA166F1B2CD79E009CFBD0 /* Supporting Files */,
			);
			path = StudentAanHuis;
			sourceTree = "<group>";
		};
		B0BA166F1B2CD79E009CFBD0 /* Supporting Files */ = {
			isa = PBXGroup;
			children = (
				B0BA16701B2CD79E009CFBD0 /* Info.plist */,
			);
			name = "Supporting Files";
			sourceTree = "<group>";
		};
		B0BA16861B2CD79F009CFBD0 /* StudentAanHuisTests */ = {
			isa = PBXGroup;
			children = (
				B0BA16891B2CD79F009CFBD0 /* StudentAanHuisTests.swift */,
				B0BA16871B2CD79F009CFBD0 /* Supporting Files */,
			);
			path = StudentAanHuisTests;
			sourceTree = "<group>";
		};
		B0BA16871B2CD79F009CFBD0 /* Supporting Files */ = {
			isa = PBXGroup;
			children = (
				B0BA16881B2CD79F009CFBD0 /* Info.plist */,
			);
			name = "Supporting Files";
			sourceTree = "<group>";
		};
/* End PBXGroup section */

/* Begin PBXNativeTarget section */
		B0BA166B1B2CD79E009CFBD0 /* StudentAanHuis */ = {
			isa = PBXNativeTarget;
			buildConfigurationList = B0BA168D1B2CD79F009CFBD0 /* Build configuration list for PBXNativeTarget "StudentAanHuis" */;
			buildPhases = (
				B0BA16681B2CD79E009CFBD0 /* Sources */,
				B0BA16691B2CD79E009CFBD0 /* Frameworks */,
				B0BA166A1B2CD79E009CFBD0 /* Resources */,
			);
			buildRules = (
			);
			dependencies = (
			);
			name = StudentAanHuis;
			productName = StudentAanHuis;
			productReference = B0BA166C1B2CD79E009CFBD0 /* StudentAanHuis.app */;
			productType = "com.apple.product-type.application";
		};
		B0BA16821B2CD79F009CFBD0 /* StudentAanHuisTests */ = {
			isa = PBXNativeTarget;
			buildConfigurationList = B0BA16901B2CD79F009CFBD0 /* Build configuration list for PBXNativeTarget "StudentAanHuisTests" */;
			buildPhases = (
				B0BA167F1B2CD79F009CFBD0 /* Sources */,
				B0BA16801B2CD79F009CFBD0 /* Frameworks */,
				B0BA16811B2CD79F009CFBD0 /* Resources */,
			);
			buildRules = (
			);
			dependencies = (
				B0BA16851B2CD79F009CFBD0 /* PBXTargetDependency */,
			);
			name = StudentAanHuisTests;
			productName = StudentAanHuisTests;
			productReference = B0BA16831B2CD79F009CFBD0 /* StudentAanHuisTests.xctest */;
			productType = "com.apple.product-type.bundle.unit-test";
		};
/* End PBXNativeTarget section */

/* Begin PBXProject section */
		B0BA16641B2CD79E009CFBD0 /* Project object */ = {
			isa = PBXProject;
			attributes = {
				LastUpgradeCheck = 0630;
				ORGANIZATIONNAME = "Roy Buitenhuis";
				TargetAttributes = {
					B0BA166B1B2CD79E009CFBD0 = {
						CreatedOnToolsVersion = 6.3.2;
					};
					B0BA16821B2CD79F009CFBD0 = {
						CreatedOnToolsVersion = 6.3.2;
						TestTargetID = B0BA166B1B2CD79E009CFBD0;
					};
				};
			};
			buildConfigurationList = B0BA16671B2CD79E009CFBD0 /* Build configuration list for PBXProject "StudentAanHuis" */;
			compatibilityVersion = "Xcode 3.2";
			developmentRegion = English;
			hasScannedForEncodings = 0;
			knownRegions = (
				en,
				Base,
			);
			mainGroup = B0BA16631B2CD79E009CFBD0;
			productRefGroup = B0BA166D1B2CD79E009CFBD0 /* Products */;
			projectDirPath = "";
			projectRoot = "";
			targets = (
				B0BA166B1B2CD79E009CFBD0 /* StudentAanHuis */,
				B0BA16821B2CD79F009CFBD0 /* StudentAanHuisTests */,
			);
		};
/* End PBXProject section */

/* Begin PBXResourcesBuildPhase section */
		B0BA166A1B2CD79E009CFBD0 /* Resources */ = {
			isa = PBXResourcesBuildPhase;
			buildActionMask = 2147483647;
			files = (
				B0BA16791B2CD79E009CFBD0 /* Main.storyboard in Resources */,
				B0BA167E1B2CD79E009CFBD0 /* LaunchScreen.xib in Resources */,
				B0BA167B1B2CD79E009CFBD0 /* Images.xcassets in Resources */,
			);
			runOnlyForDeploymentPostprocessing = 0;
		};
		B0BA16811B2CD79F009CFBD0 /* Resources */ = {
			isa = PBXResourcesBuildPhase;
			buildActionMask = 2147483647;
			files = (
			);
			runOnlyForDeploymentPostprocessing = 0;
		};
/* End PBXResourcesBuildPhase section */

/* Begin PBXSourcesBuildPhase section */
		B0BA16681B2CD79E009CFBD0 /* Sources */ = {
			isa = PBXSourcesBuildPhase;
			buildActionMask = 2147483647;
			files = (
				B0BA16761B2CD79E009CFBD0 /* SecondViewController.swift in Sources */,
				B0BA16721B2CD79E009CFBD0 /* AppDelegate.swift in Sources */,
				B0BA16741B2CD79E009CFBD0 /* FirstViewController.swift in Sources */,
			);
			runOnlyForDeploymentPostprocessing = 0;
		};
		B0BA167F1B2CD79F009CFBD0 /* Sources */ = {
			isa = PBXSourcesBuildPhase;
			buildActionMask = 2147483647;
			files = (
				B0BA168A1B2CD79F009CFBD0 /* StudentAanHuisTests.swift in Sources */,
			);
			runOnlyForDeploymentPostprocessing = 0;
		};
/* End PBXSourcesBuildPhase section */

/* Begin PBXTargetDependency section */
		B0BA16851B2CD79F009CFBD0 /* PBXTargetDependency */ = {
			isa = PBXTargetDependency;
			target = B0BA166B1B2CD79E009CFBD0 /* StudentAanHuis */;
			targetProxy = B0BA16841B2CD79F009CFBD0 /* PBXContainerItemProxy */;
		};
/* End PBXTargetDependency section */

/* Begin PBXVariantGroup section */
		B0BA16771B2CD79E009CFBD0 /* Main.storyboard */ = {
			isa = PBXVariantGroup;
			children = (
				B0BA16781B2CD79E009CFBD0 /* Base */,
			);
			name = Main.storyboard;
			sourceTree = "<group>";
		};
		B0BA167C1B2CD79E009CFBD0 /* LaunchScreen.xib */ = {
			isa = PBXVariantGroup;
			children = (
				B0BA167D1B2CD79E009CFBD0 /* Base */,
			);
			name = LaunchScreen.xib;
			sourceTree = "<group>";
		};
/* End PBXVariantGroup section */

/* Begin XCBuildConfiguration section */
		B0BA168B1B2CD79F009CFBD0 /* Debug */ = {
			isa = XCBuildConfiguration;
			buildSettings = {
				ALWAYS_SEARCH_USER_PATHS = NO;
				CLANG_CXX_LANGUAGE_STANDARD = "gnu++0x";
				CLANG_CXX_LIBRARY = "libc++";
				CLANG_ENABLE_MODULES = YES;
				CLANG_ENABLE_OBJC_ARC = YES;
				CLANG_WARN_BOOL_CONVERSION = YES;
				CLANG_WARN_CONSTANT_CONVERSION = YES;
				CLANG_WARN_DIRECT_OBJC_ISA_USAGE = YES_ERROR;
				CLANG_WARN_EMPTY_BODY = YES;
				CLANG_WARN_ENUM_CONVERSION = YES;
				CLANG_WARN_INT_CONVERSION = YES;
				CLANG_WARN_OBJC_ROOT_CLASS = YES_ERROR;
				CLANG_WARN_UNREACHABLE_CODE = YES;
				CLANG_WARN__DUPLICATE_METHOD_MATCH = YES;
				"CODE_SIGN_IDENTITY[sdk=iphoneos*]" = "iPhone Developer";
				COPY_PHASE_STRIP = NO;
				DEBUG_INFORMATION_FORMAT = "dwarf-with-dsym";
				ENABLE_STRICT_OBJC_MSGSEND = YES;
				GCC_C_LANGUAGE_STANDARD = gnu99;
				GCC_DYNAMIC_NO_PIC = NO;
				GCC_NO_COMMON_BLOCKS = YES;
				GCC_OPTIMIZATION_LEVEL = 0;
				GCC_PREPROCESSOR_DEFINITIONS = (
					"DEBUG=1",
					"$(inherited)",
				);
				GCC_SYMBOLS_PRIVATE_EXTERN = NO;
				GCC_WARN_64_TO_32_BIT_CONVERSION = YES;
				GCC_WARN_ABOUT_RETURN_TYPE = YES_ERROR;
				GCC_WARN_UNDECLARED_SELECTOR = YES;
				GCC_WARN_UNINITIALIZED_AUTOS = YES_AGGRESSIVE;
				GCC_WARN_UNUSED_FUNCTION = YES;
				GCC_WARN_UNUSED_VARIABLE = YES;
				IPHONEOS_DEPLOYMENT_TARGET = 8.3;
				MTL_ENABLE_DEBUG_INFO = YES;
				ONLY_ACTIVE_ARCH = YES;
				SDKROOT = iphoneos;
				SWIFT_OPTIMIZATION_LEVEL = "-Onone";
				TARGETED_DEVICE_FAMILY = "1,2";
			};
			name = Debug;
		};
		B0BA168C1B2CD79F009CFBD0 /* Release */ = {
			isa = XCBuildConfiguration;
			buildSettings = {
				ALWAYS_SEARCH_USER_PATHS = NO;
				CLANG_CXX_LANGUAGE_STANDARD = "gnu++0x";
				CLANG_CXX_LIBRARY = "libc++";
				CLANG_ENABLE_MODULES = YES;
				CLANG_ENABLE_OBJC_ARC = YES;
				CLANG_WARN_BOOL_CONVERSION = YES;
				CLANG_WARN_CONSTANT_CONVERSION = YES;
				CLANG_WARN_DIRECT_OBJC_ISA_USAGE = YES_ERROR;
				CLANG_WARN_EMPTY_BODY = YES;
				CLANG_WARN_ENUM_CONVERSION = YES;
				CLANG_WARN_INT_CONVERSION = YES;
				CLANG_WARN_OBJC_ROOT_CLASS = YES_ERROR;
				CLANG_WARN_UNREACHABLE_CODE = YES;
				CLANG_WARN__DUPLICATE_METHOD_MATCH = YES;
				"CODE_SIGN_IDENTITY[sdk=iphoneos*]" = "iPhone Developer";
				COPY_PHASE_STRIP = NO;
				DEBUG_INFORMATION_FORMAT = "dwarf-with-dsym";
				ENABLE_NS_ASSERTIONS = NO;
				ENABLE_STRICT_OBJC_MSGSEND = YES;
				GCC_C_LANGUAGE_STANDARD = gnu99;
				GCC_NO_COMMON_BLOCKS = YES;
				GCC_WARN_64_TO_32_BIT_CONVERSION = YES;
				GCC_WARN_ABOUT_RETURN_TYPE = YES_ERROR;
				GCC_WARN_UNDECLARED_SELECTOR = YES;
				GCC_WARN_UNINITIALIZED_AUTOS = YES_AGGRESSIVE;
				GCC_WARN_UNUSED_FUNCTION = YES;
				GCC_WARN_UNUSED_VARIABLE = YES;
				IPHONEOS_DEPLOYMENT_TARGET = 8.3;
				MTL_ENABLE_DEBUG_INFO = NO;
				SDKROOT = iphoneos;
				TARGETED_DEVICE_FAMILY = "1,2";
				VALIDATE_PRODUCT = YES;
			};
			name = Release;
		};
		B0BA168E1B2CD79F009CFBD0 /* Debug */ = {
			isa = XCBuildConfiguration;
			buildSettings = {
				ASSETCATALOG_COMPILER_APPICON_NAME = AppIcon;
				INFOPLIST_FILE = StudentAanHuis/Info.plist;
				LD_RUNPATH_SEARCH_PATHS = "$(inherited) @executable_path/Frameworks";
				PRODUCT_NAME = "$(TARGET_NAME)";
			};
			name = Debug;
		};
		B0BA168F1B2CD79F009CFBD0 /* Release */ = {
			isa = XCBuildConfiguration;
			buildSettings = {
				ASSETCATALOG_COMPILER_APPICON_NAME = AppIcon;
				INFOPLIST_FILE = StudentAanHuis/Info.plist;
				LD_RUNPATH_SEARCH_PATHS = "$(inherited) @executable_path/Frameworks";
				PRODUCT_NAME = "$(TARGET_NAME)";
			};
			name = Release;
		};
		B0BA16911B2CD79F009CFBD0 /* Debug */ = {
			isa = XCBuildConfiguration;
			buildSettings = {
				BUNDLE_LOADER = "$(TEST_HOST)";
				FRAMEWORK_SEARCH_PATHS = (
					"$(SDKROOT)/Developer/Library/Frameworks",
					"$(inherited)",
				);
				GCC_PREPROCESSOR_DEFINITIONS = (
					"DEBUG=1",
					"$(inherited)",
				);
				INFOPLIST_FILE = StudentAanHuisTests/Info.plist;
				LD_RUNPATH_SEARCH_PATHS = "$(inherited) @executable_path/Frameworks @loader_path/Frameworks";
				PRODUCT_NAME = "$(TARGET_NAME)";
				TEST_HOST = "$(BUILT_PRODUCTS_DIR)/StudentAanHuis.app/StudentAanHuis";
			};
			name = Debug;
		};
		B0BA16921B2CD79F009CFBD0 /* Release */ = {
			isa = XCBuildConfiguration;
			buildSettings = {
				BUNDLE_LOADER = "$(TEST_HOST)";
				FRAMEWORK_SEARCH_PATHS = (
					"$(SDKROOT)/Developer/Library/Frameworks",
					"$(inherited)",
				);
				INFOPLIST_FILE = StudentAanHuisTests/Info.plist;
				LD_RUNPATH_SEARCH_PATHS = "$(inherited) @executable_path/Frameworks @loader_path/Frameworks";
				PRODUCT_NAME = "$(TARGET_NAME)";
				TEST_HOST = "$(BUILT_PRODUCTS_DIR)/StudentAanHuis.app/StudentAanHuis";
			};
			name = Release;
		};
/* End XCBuildConfiguration section */

/* Begin XCConfigurationList section */
		B0BA16671B2CD79E009CFBD0 /* Build configuration list for PBXProject "StudentAanHuis" */ = {
			isa = XCConfigurationList;
			buildConfigurations = (
				B0BA168B1B2CD79F009CFBD0 /* Debug */,
				B0BA168C1B2CD79F009CFBD0 /* Release */,
			);
			defaultConfigurationIsVisible = 0;
			defaultConfigurationName = Release;
		};
		B0BA168D1B2CD79F009CFBD0 /* Build configuration list for PBXNativeTarget "StudentAanHuis" */ = {
			isa = XCConfigurationList;
			buildConfigurations = (
				B0BA168E1B2CD79F009CFBD0 /* Debug */,
				B0BA168F1B2CD79F009CFBD0 /* Release */,
			);
			defaultConfigurationIsVisible = 0;
		};
		B0BA16901B2CD79F009CFBD0 /* Build configuration list for PBXNativeTarget "StudentAanHuisTests" */ = {
			isa = XCConfigurationList;
			buildConfigurations = (
				B0BA16911B2CD79F009CFBD0 /* Debug */,
				B0BA16921B2CD79F009CFBD0 /* Release */,
			);
			defaultConfigurationIsVisible = 0;
		};
/* End XCConfigurationList section */
	};
	rootObject = B0BA16641B2CD79E009CFBD0 /* Project object */;
}
